
Microsoft Visual Studio Solution File, Format Version 12.00
# Visual Studio Version 16
VisualStudioVersion = 16.0.31025.194
MinimumVisualStudioVersion = 10.0.40219.1
Project("{8BC9CEB8-8B4A-11D0-8D11-00A0C91BC942}") = "GMTK-Game", "GMTK-Game\GMTK-Game.vcxproj", "{0CFD4CD3-9774-4910-9712-8EA678D0800E}"
EndProject
Global
	GlobalSection(SolutionConfigurationPlatforms) = preSolution
		Debug|x64 = Debug|x64
		Debug|x86 = Debug|x86
		Release|x64 = Release|x64
		Release|x86 = Release|x86
	EndGlobalSection
	GlobalSection(ProjectConfigurationPlatforms) = postSolution
		{0CFD4CD3-9774-4910-9712-8EA678D0800E}.Debug|x64.ActiveCfg = Debug|x64
		{0CFD4CD3-9774-4910-9712-8EA678D0800E}.Debug|x64.Build.0 = Debug|x64
		{0CFD4CD3-9774-4910-9712-8EA678D0800E}.Debug|x86.ActiveCfg = Debug|Win32
		{0CFD4CD3-9774-4910-9712-8EA678D0800E}.Debug|x86.Build.0 = Debug|Win32
		{0CFD4CD3-9774-4910-9712-8EA678D0800E}.Release|x64.ActiveCfg = Release|x64
		{0CFD4CD3-9774-4910-9712-8EA678D0800E}.Release|x64.Build.0 = Release|x64
		{0CFD4CD3-9774-4910-9712-8EA678D0800E}.Release|x86.ActiveCfg = Release|Win32
		{0CFD4CD3-9774-4910-9712-8EA678D0800E}.Release|x86.Build.0 = Release|Win32
	EndGlobalSection
	GlobalSection(SolutionProperties) = preSolution
		HideSolutionNode = FALSE
	EndGlobalSection
	GlobalSection(ExtensibilityGlobals) = postSolution
		SolutionGuid = {11B67319-DE25-4841-94B3-CD7A2475D3BE}
	EndGlobalSection
EndGlobal
